
Microsoft Visual Studio Solution File, Format Version 12.00
# Visual Studio Version 17
VisualStudioVersion = 17.0.31919.166
MinimumVisualStudioVersion = 10.0.40219.1
Project("{FAE04EC0-301F-11D3-BF4B-00C04F79EFBC}") = "TicketingDisconnectedMode.ConsoleApp", "TicketingDisconnectedMode.ConsoleApp\TicketingDisconnectedMode.ConsoleApp.csproj", "{81032693-A016-481F-A70D-4EC7F9C71FDA}"
EndProject
Project("{FAE04EC0-301F-11D3-BF4B-00C04F79EFBC}") = "TicketingDisconnectedMode.Core", "TicketingDisconnectedMode.Core\TicketingDisconnectedMode.Core.csproj", "{A8643E22-12BD-41EA-A571-29255F6AF022}"
EndProject
Project("{FAE04EC0-301F-11D3-BF4B-00C04F79EFBC}") = "TicketingDisconnectedMode.DB", "TicketingDisconnectedMode.DB\TicketingDisconnectedMode.DB.csproj", "{6D29C834-D812-4BAB-A715-2AD0F8B2B601}"
EndProject
Global
	GlobalSection(SolutionConfigurationPlatforms) = preSolution
		Debug|Any CPU = Debug|Any CPU
		Release|Any CPU = Release|Any CPU
	EndGlobalSection
	GlobalSection(ProjectConfigurationPlatforms) = postSolution
		{81032693-A016-481F-A70D-4EC7F9C71FDA}.Debug|Any CPU.ActiveCfg = Debug|Any CPU
		{81032693-A016-481F-A70D-4EC7F9C71FDA}.Debug|Any CPU.Build.0 = Debug|Any CPU
		{81032693-A016-481F-A70D-4EC7F9C71FDA}.Release|Any CPU.ActiveCfg = Release|Any CPU
		{81032693-A016-481F-A70D-4EC7F9C71FDA}.Release|Any CPU.Build.0 = Release|Any CPU
		{A8643E22-12BD-41EA-A571-29255F6AF022}.Debug|Any CPU.ActiveCfg = Debug|Any CPU
		{A8643E22-12BD-41EA-A571-29255F6AF022}.Debug|Any CPU.Build.0 = Debug|Any CPU
		{A8643E22-12BD-41EA-A571-29255F6AF022}.Release|Any CPU.ActiveCfg = Release|Any CPU
		{A8643E22-12BD-41EA-A571-29255F6AF022}.Release|Any CPU.Build.0 = Release|Any CPU
		{6D29C834-D812-4BAB-A715-2AD0F8B2B601}.Debug|Any CPU.ActiveCfg = Debug|Any CPU
		{6D29C834-D812-4BAB-A715-2AD0F8B2B601}.Debug|Any CPU.Build.0 = Debug|Any CPU
		{6D29C834-D812-4BAB-A715-2AD0F8B2B601}.Release|Any CPU.ActiveCfg = Release|Any CPU
		{6D29C834-D812-4BAB-A715-2AD0F8B2B601}.Release|Any CPU.Build.0 = Release|Any CPU
	EndGlobalSection
	GlobalSection(SolutionProperties) = preSolution
		HideSolutionNode = FALSE
	EndGlobalSection
	GlobalSection(ExtensibilityGlobals) = postSolution
		SolutionGuid = {866D7CDD-44FF-4A9E-82A2-9F148AED8206}
	EndGlobalSection
EndGlobal
